
Microsoft Visual Studio Solution File, Format Version 12.00
# Visual Studio Version 17
VisualStudioVersion = 17.9.34622.214
MinimumVisualStudioVersion = 10.0.40219.1
Project("{9A19103F-16F7-4668-BE54-9A1E7A4F7556}") = "Web", "Web\Web.csproj", "{6C371383-09CA-4B9A-A4C8-DB44AE206E21}"
EndProject
Project("{9A19103F-16F7-4668-BE54-9A1E7A4F7556}") = "Core", "Core\Core.csproj", "{F4DF9913-D8BE-4F10-96D4-0D0080B4BB8E}"
EndProject
Project("{9A19103F-16F7-4668-BE54-9A1E7A4F7556}") = "Infrastructure", "Infrastructure\Infrastructure.csproj", "{6701AAE7-2BD1-4B46-AD96-CB0822A6377F}"
EndProject
Project("{FAE04EC0-301F-11D3-BF4B-00C04F79EFBC}") = "UnitTests", "UnitTests\UnitTests.csproj", "{414D5469-6B7E-40DF-839E-BD927C9BFAEE}"
EndProject
Global
	GlobalSection(SolutionConfigurationPlatforms) = preSolution
		Debug|Any CPU = Debug|Any CPU
		Release|Any CPU = Release|Any CPU
	EndGlobalSection
	GlobalSection(ProjectConfigurationPlatforms) = postSolution
		{6C371383-09CA-4B9A-A4C8-DB44AE206E21}.Debug|Any CPU.ActiveCfg = Debug|Any CPU
		{6C371383-09CA-4B9A-A4C8-DB44AE206E21}.Debug|Any CPU.Build.0 = Debug|Any CPU
		{6C371383-09CA-4B9A-A4C8-DB44AE206E21}.Release|Any CPU.ActiveCfg = Release|Any CPU
		{6C371383-09CA-4B9A-A4C8-DB44AE206E21}.Release|Any CPU.Build.0 = Release|Any CPU
		{F4DF9913-D8BE-4F10-96D4-0D0080B4BB8E}.Debug|Any CPU.ActiveCfg = Debug|Any CPU
		{F4DF9913-D8BE-4F10-96D4-0D0080B4BB8E}.Debug|Any CPU.Build.0 = Debug|Any CPU
		{F4DF9913-D8BE-4F10-96D4-0D0080B4BB8E}.Release|Any CPU.ActiveCfg = Release|Any CPU
		{F4DF9913-D8BE-4F10-96D4-0D0080B4BB8E}.Release|Any CPU.Build.0 = Release|Any CPU
		{6701AAE7-2BD1-4B46-AD96-CB0822A6377F}.Debug|Any CPU.ActiveCfg = Debug|Any CPU
		{6701AAE7-2BD1-4B46-AD96-CB0822A6377F}.Debug|Any CPU.Build.0 = Debug|Any CPU
		{6701AAE7-2BD1-4B46-AD96-CB0822A6377F}.Release|Any CPU.ActiveCfg = Release|Any CPU
		{6701AAE7-2BD1-4B46-AD96-CB0822A6377F}.Release|Any CPU.Build.0 = Release|Any CPU
		{414D5469-6B7E-40DF-839E-BD927C9BFAEE}.Debug|Any CPU.ActiveCfg = Debug|Any CPU
		{414D5469-6B7E-40DF-839E-BD927C9BFAEE}.Debug|Any CPU.Build.0 = Debug|Any CPU
		{414D5469-6B7E-40DF-839E-BD927C9BFAEE}.Release|Any CPU.ActiveCfg = Release|Any CPU
		{414D5469-6B7E-40DF-839E-BD927C9BFAEE}.Release|Any CPU.Build.0 = Release|Any CPU
	EndGlobalSection
	GlobalSection(SolutionProperties) = preSolution
		HideSolutionNode = FALSE
	EndGlobalSection
	GlobalSection(ExtensibilityGlobals) = postSolution
		SolutionGuid = {15DAC611-DA67-43C2-A076-C10265574840}
	EndGlobalSection
EndGlobal
